<?xml version="1.0" encoding="utf-8"?>
<Project ToolsVersion="4.0" xmlns="http://schemas.microsoft.com/developer/msbuild/2003">
  <ItemGroup>
    <Filter Include="Source Files">
      <UniqueIdentifier>{4FC737F1-C7A5-4376-A066-2A32D752A2FF}</UniqueIdentifier>
      <Extensions>cpp;c;cc;cxx;c++;cppm;ixx;def;odl;idl;hpj;bat;asm;asmx</Extensions>
    </Filter>
    <Filter Include="Header Files">
      <UniqueIdentifier>{93995380-89BD-4b04-88EB-625FBE52EBFB}</UniqueIdentifier>
      <Extensions>h;hh;hpp;hxx;h++;hm;inl;inc;ipp;xsd</Extensions>
    </Filter>
    <Filter Include="Resource Files">
      <UniqueIdentifier>{67DA6AB6-F800-4c08-8B7A-83BB121AAD01}</UniqueIdentifier>
      <Extensions>rc;ico;cur;bmp;dlg;rc2;rct;bin;rgs;gif;jpg;jpeg;jpe;resx;tiff;tif;png;wav;mfcribbon-ms</Extensions>
    </Filter>
    <Filter Include="Header Files\rendering">
      <UniqueIdentifier>{41ab57e9-b805-4bf5-8492-b971a90959d1}</UniqueIdentifier>
    </Filter>
    <Filter Include="Header Files\physics">
      <UniqueIdentifier>{0b18157d-238d-41f9-adc1-8ba47fe16886}</UniqueIdentifier>
    </Filter>
    <Filter Include="Header Files\objects">
      <UniqueIdentifier>{6bcdfdd4-a6d2-498c-952f-f8b4161e348c}</UniqueIdentifier>
    </Filter>
    <Filter Include="Source Files\rendering">
      <UniqueIdentifier>{20f9735c-8f7f-468c-b2aa-82e863a55011}</UniqueIdentifier>
    </Filter>
    <Filter Include="Source Files\physics">
      <UniqueIdentifier>{ad56fcf7-4a66-4e5a-86f9-e99289523125}</UniqueIdentifier>
    </Filter>
    <Filter Include="Source Files\objects">
      <UniqueIdentifier>{780811ff-8bb6-454b-ad8d-6f9492253245}</UniqueIdentifier>
    </Filter>
  </ItemGroup>
  <ItemGroup>
    <ClInclude Include="core\Vector3.h">
      <Filter>Header Files</Filter>
    </ClInclude>
    <ClInclude Include="core\Matrix4.h">
      <Filter>Header Files</Filter>
    </ClInclude>
    <ClInclude Include="core\Game.h">
      <Filter>Header Files</Filter>
    </ClInclude>
    <ClInclude Include="core\Settings.h">
      <Filter>Header Files</Filter>
    </ClInclude>
    <ClInclude Include="core\Transform.h">
      <Filter>Header Files</Filter>
    </ClInclude>
    <ClInclude Include="core\physics\PhysicEngine.h">
      <Filter>Header Files\physics</Filter>
    </ClInclude>
    <ClInclude Include="core\objects\Cube.h">
      <Filter>Header Files\objects</Filter>
    </ClInclude>
    <ClInclude Include="core\rendering\RenderEngine.h">
      <Filter>Header Files\rendering</Filter>
    </ClInclude>
    <ClInclude Include="core\rendering\Triangle.h">
      <Filter>Header Files\rendering</Filter>
    </ClInclude>
    <ClInclude Include="core\objects\GameObject.h">
      <Filter>Header Files\objects</Filter>
    </ClInclude>
    <ClInclude Include="core\Vector4.h">
      <Filter>Header Files</Filter>
    </ClInclude>
  </ItemGroup>
  <ItemGroup>
    <ClCompile Include="core\Vector3.cpp">
      <Filter>Source Files</Filter>
    </ClCompile>
    <ClCompile Include="core\Matrix4.cpp">
      <Filter>Source Files</Filter>
    </ClCompile>
    <ClCompile Include="main.cpp">
      <Filter>Source Files</Filter>
    </ClCompile>
    <ClCompile Include="core\Game.cpp">
      <Filter>Source Files</Filter>
    </ClCompile>
    <ClCompile Include="core\objects\Cube.cpp">
      <Filter>Source Files\objects</Filter>
    </ClCompile>
    <ClCompile Include="core\rendering\Triangle.cpp">
      <Filter>Source Files\rendering</Filter>
    </ClCompile>
    <ClCompile Include="core\objects\GameObject.cpp">
      <Filter>Source Files\objects</Filter>
    </ClCompile>
    <ClCompile Include="core\physics\PhysicEngine.cpp">
      <Filter>Source Files\physics</Filter>
    </ClCompile>
    <ClCompile Include="core\rendering\RenderEngine.cpp">
      <Filter>Source Files\rendering</Filter>
    </ClCompile>
    <ClCompile Include="core\Vector4.cpp">
      <Filter>Source Files</Filter>
    </ClCompile>
  </ItemGroup>
</Project>